
Microsoft Visual Studio Solution File, Format Version 12.00
# Visual Studio Version 17
VisualStudioVersion = 17.6.33723.286
MinimumVisualStudioVersion = 10.0.40219.1
Project("{FAE04EC0-301F-11D3-BF4B-00C04F79EFBC}") = "HangfireExampleApp", "HangfireExampleApp.csproj", "{5B31AF5E-0B0E-437F-95B2-BD64835E47C4}"
EndProject
Global
	GlobalSection(SolutionConfigurationPlatforms) = preSolution
		Debug|Any CPU = Debug|Any CPU
		Release|Any CPU = Release|Any CPU
	EndGlobalSection
	GlobalSection(ProjectConfigurationPlatforms) = postSolution
		{5B31AF5E-0B0E-437F-95B2-BD64835E47C4}.Debug|Any CPU.ActiveCfg = Debug|Any CPU
		{5B31AF5E-0B0E-437F-95B2-BD64835E47C4}.Debug|Any CPU.Build.0 = Debug|Any CPU
		{5B31AF5E-0B0E-437F-95B2-BD64835E47C4}.Release|Any CPU.ActiveCfg = Release|Any CPU
		{5B31AF5E-0B0E-437F-95B2-BD64835E47C4}.Release|Any CPU.Build.0 = Release|Any CPU
	EndGlobalSection
	GlobalSection(SolutionProperties) = preSolution
		HideSolutionNode = FALSE
	EndGlobalSection
	GlobalSection(ExtensibilityGlobals) = postSolution
		SolutionGuid = {28A0532C-F158-4F19-9FBE-3BFBA191248B}
	EndGlobalSection
EndGlobal
