
Microsoft Visual Studio Solution File, Format Version 12.00
# Visual Studio Version 17
VisualStudioVersion = 17.6.33723.286
MinimumVisualStudioVersion = 10.0.40219.1
Project("{2150E333-8FDC-42A3-9474-1A3956D46DE8}") = "src", "src", "{2B0A1107-5C31-4413-8586-E419C2AEF021}"
EndProject
Project("{2150E333-8FDC-42A3-9474-1A3956D46DE8}") = "frontend", "frontend", "{BD98E7B0-3D42-4696-BC7E-B4A53702FD65}"
EndProject
Project("{2150E333-8FDC-42A3-9474-1A3956D46DE8}") = "backend", "backend", "{35C4771C-548F-464D-A25D-4681576F8BD3}"
EndProject
Project("{2150E333-8FDC-42A3-9474-1A3956D46DE8}") = "Application", "Application", "{3A79A3F6-4B46-4FAF-9F12-36AD503141BF}"
EndProject
Project("{2150E333-8FDC-42A3-9474-1A3956D46DE8}") = "Domains", "Domains", "{DF255B58-08D0-442B-B9CE-70F05A8ADB38}"
EndProject
Project("{2150E333-8FDC-42A3-9474-1A3956D46DE8}") = "Infrastructure", "Infrastructure", "{27A66D16-1C27-4448-BB83-A68666B3E017}"
EndProject
Project("{2150E333-8FDC-42A3-9474-1A3956D46DE8}") = "WebAPI", "WebAPI", "{40AA046D-452F-4F8F-9C34-90D285322437}"
EndProject
Project("{2150E333-8FDC-42A3-9474-1A3956D46DE8}") = "WebUI", "WebUI", "{A4987444-BDD9-4B4A-8FA4-6645FAA6C739}"
EndProject
Project("{FAE04EC0-301F-11D3-BF4B-00C04F79EFBC}") = "SurveyApp.DataTransferObjects", "src\backend\Application\SurveyApp.DataTransferObjects\SurveyApp.DataTransferObjects.csproj", "{C4E8996C-7844-4539-A4D7-E65A094A5C52}"
EndProject
Project("{FAE04EC0-301F-11D3-BF4B-00C04F79EFBC}") = "SurveyApp.Services", "src\backend\Application\SurveyApp.Services\SurveyApp.Services.csproj", "{290C5ABE-A4FB-4B45-9383-B65E7D06BB3B}"
EndProject
Project("{FAE04EC0-301F-11D3-BF4B-00C04F79EFBC}") = "SurveyApp.Entities", "src\backend\Domains\SurveyApp.Entities\SurveyApp.Entities.csproj", "{9FD1DD73-E7D7-4114-BE9B-BE1C5AC8B59D}"
EndProject
Project("{FAE04EC0-301F-11D3-BF4B-00C04F79EFBC}") = "SurveyApp.Infrastructure.Data", "src\backend\Infrastructure\SurveyApp.Infrastructure.Data\SurveyApp.Infrastructure.Data.csproj", "{4D0DB8F7-D21E-4604-B4A8-D7D265E3AFAA}"
EndProject
Project("{FAE04EC0-301F-11D3-BF4B-00C04F79EFBC}") = "SurveyApp.Infrastructure.Repositories", "src\backend\Infrastructure\SurveyApp.Infrastructure.Repositories\SurveyApp.Infrastructure.Repositories.csproj", "{8C6E78E3-54E2-4210-B877-7E1697012FB5}"
EndProject
Project("{FAE04EC0-301F-11D3-BF4B-00C04F79EFBC}") = "SurveyApp.WebAPI", "src\backend\WebAPI\SurveyApp.WebAPI\SurveyApp.WebAPI.csproj", "{E424B83B-B87B-4A77-9453-8047D3E4D50C}"
EndProject
Project("{FAE04EC0-301F-11D3-BF4B-00C04F79EFBC}") = "SurveyApp.WebUI", "src\frontend\SurveyApp.WebUI\SurveyApp.WebUI.csproj", "{24039E3E-1DC8-448F-AD10-09055E833A2F}"
EndProject
Global
	GlobalSection(SolutionConfigurationPlatforms) = preSolution
		Debug|Any CPU = Debug|Any CPU
		Release|Any CPU = Release|Any CPU
	EndGlobalSection
	GlobalSection(ProjectConfigurationPlatforms) = postSolution
		{C4E8996C-7844-4539-A4D7-E65A094A5C52}.Debug|Any CPU.ActiveCfg = Debug|Any CPU
		{C4E8996C-7844-4539-A4D7-E65A094A5C52}.Debug|Any CPU.Build.0 = Debug|Any CPU
		{C4E8996C-7844-4539-A4D7-E65A094A5C52}.Release|Any CPU.ActiveCfg = Release|Any CPU
		{C4E8996C-7844-4539-A4D7-E65A094A5C52}.Release|Any CPU.Build.0 = Release|Any CPU
		{290C5ABE-A4FB-4B45-9383-B65E7D06BB3B}.Debug|Any CPU.ActiveCfg = Debug|Any CPU
		{290C5ABE-A4FB-4B45-9383-B65E7D06BB3B}.Debug|Any CPU.Build.0 = Debug|Any CPU
		{290C5ABE-A4FB-4B45-9383-B65E7D06BB3B}.Release|Any CPU.ActiveCfg = Release|Any CPU
		{290C5ABE-A4FB-4B45-9383-B65E7D06BB3B}.Release|Any CPU.Build.0 = Release|Any CPU
		{9FD1DD73-E7D7-4114-BE9B-BE1C5AC8B59D}.Debug|Any CPU.ActiveCfg = Debug|Any CPU
		{9FD1DD73-E7D7-4114-BE9B-BE1C5AC8B59D}.Debug|Any CPU.Build.0 = Debug|Any CPU
		{9FD1DD73-E7D7-4114-BE9B-BE1C5AC8B59D}.Release|Any CPU.ActiveCfg = Release|Any CPU
		{9FD1DD73-E7D7-4114-BE9B-BE1C5AC8B59D}.Release|Any CPU.Build.0 = Release|Any CPU
		{4D0DB8F7-D21E-4604-B4A8-D7D265E3AFAA}.Debug|Any CPU.ActiveCfg = Debug|Any CPU
		{4D0DB8F7-D21E-4604-B4A8-D7D265E3AFAA}.Debug|Any CPU.Build.0 = Debug|Any CPU
		{4D0DB8F7-D21E-4604-B4A8-D7D265E3AFAA}.Release|Any CPU.ActiveCfg = Release|Any CPU
		{4D0DB8F7-D21E-4604-B4A8-D7D265E3AFAA}.Release|Any CPU.Build.0 = Release|Any CPU
		{8C6E78E3-54E2-4210-B877-7E1697012FB5}.Debug|Any CPU.ActiveCfg = Debug|Any CPU
		{8C6E78E3-54E2-4210-B877-7E1697012FB5}.Debug|Any CPU.Build.0 = Debug|Any CPU
		{8C6E78E3-54E2-4210-B877-7E1697012FB5}.Release|Any CPU.ActiveCfg = Release|Any CPU
		{8C6E78E3-54E2-4210-B877-7E1697012FB5}.Release|Any CPU.Build.0 = Release|Any CPU
		{E424B83B-B87B-4A77-9453-8047D3E4D50C}.Debug|Any CPU.ActiveCfg = Debug|Any CPU
		{E424B83B-B87B-4A77-9453-8047D3E4D50C}.Debug|Any CPU.Build.0 = Debug|Any CPU
		{E424B83B-B87B-4A77-9453-8047D3E4D50C}.Release|Any CPU.ActiveCfg = Release|Any CPU
		{E424B83B-B87B-4A77-9453-8047D3E4D50C}.Release|Any CPU.Build.0 = Release|Any CPU
		{24039E3E-1DC8-448F-AD10-09055E833A2F}.Debug|Any CPU.ActiveCfg = Debug|Any CPU
		{24039E3E-1DC8-448F-AD10-09055E833A2F}.Debug|Any CPU.Build.0 = Debug|Any CPU
		{24039E3E-1DC8-448F-AD10-09055E833A2F}.Release|Any CPU.ActiveCfg = Release|Any CPU
		{24039E3E-1DC8-448F-AD10-09055E833A2F}.Release|Any CPU.Build.0 = Release|Any CPU
	EndGlobalSection
	GlobalSection(SolutionProperties) = preSolution
		HideSolutionNode = FALSE
	EndGlobalSection
	GlobalSection(NestedProjects) = preSolution
		{BD98E7B0-3D42-4696-BC7E-B4A53702FD65} = {2B0A1107-5C31-4413-8586-E419C2AEF021}
		{35C4771C-548F-464D-A25D-4681576F8BD3} = {2B0A1107-5C31-4413-8586-E419C2AEF021}
		{3A79A3F6-4B46-4FAF-9F12-36AD503141BF} = {35C4771C-548F-464D-A25D-4681576F8BD3}
		{DF255B58-08D0-442B-B9CE-70F05A8ADB38} = {35C4771C-548F-464D-A25D-4681576F8BD3}
		{27A66D16-1C27-4448-BB83-A68666B3E017} = {35C4771C-548F-464D-A25D-4681576F8BD3}
		{40AA046D-452F-4F8F-9C34-90D285322437} = {35C4771C-548F-464D-A25D-4681576F8BD3}
		{A4987444-BDD9-4B4A-8FA4-6645FAA6C739} = {BD98E7B0-3D42-4696-BC7E-B4A53702FD65}
		{C4E8996C-7844-4539-A4D7-E65A094A5C52} = {3A79A3F6-4B46-4FAF-9F12-36AD503141BF}
		{290C5ABE-A4FB-4B45-9383-B65E7D06BB3B} = {3A79A3F6-4B46-4FAF-9F12-36AD503141BF}
		{9FD1DD73-E7D7-4114-BE9B-BE1C5AC8B59D} = {DF255B58-08D0-442B-B9CE-70F05A8ADB38}
		{4D0DB8F7-D21E-4604-B4A8-D7D265E3AFAA} = {27A66D16-1C27-4448-BB83-A68666B3E017}
		{8C6E78E3-54E2-4210-B877-7E1697012FB5} = {27A66D16-1C27-4448-BB83-A68666B3E017}
		{E424B83B-B87B-4A77-9453-8047D3E4D50C} = {40AA046D-452F-4F8F-9C34-90D285322437}
		{24039E3E-1DC8-448F-AD10-09055E833A2F} = {A4987444-BDD9-4B4A-8FA4-6645FAA6C739}
	EndGlobalSection
	GlobalSection(ExtensibilityGlobals) = postSolution
		SolutionGuid = {5411A615-D486-4956-98B6-44723BC8E6E0}
	EndGlobalSection
EndGlobal
